
Microsoft Visual Studio Solution File, Format Version 12.00
# Visual Studio Version 16
VisualStudioVersion = 16.0.29306.81
MinimumVisualStudioVersion = 10.0.40219.1
Project("{FAE04EC0-301F-11D3-BF4B-00C04F79EFBC}") = "Fractals", "Fractals.csproj", "{33F2CE7F-4A77-42D1-B830-0389F7AB1F97}"
EndProject
Global
	GlobalSection(SolutionConfigurationPlatforms) = preSolution
		Debug|Any CPU = Debug|Any CPU
		Release|Any CPU = Release|Any CPU
	EndGlobalSection
	GlobalSection(ProjectConfigurationPlatforms) = postSolution
		{33F2CE7F-4A77-42D1-B830-0389F7AB1F97}.Debug|Any CPU.ActiveCfg = Debug|Any CPU
		{33F2CE7F-4A77-42D1-B830-0389F7AB1F97}.Debug|Any CPU.Build.0 = Debug|Any CPU
		{33F2CE7F-4A77-42D1-B830-0389F7AB1F97}.Release|Any CPU.ActiveCfg = Release|Any CPU
		{33F2CE7F-4A77-42D1-B830-0389F7AB1F97}.Release|Any CPU.Build.0 = Release|Any CPU
	EndGlobalSection
	GlobalSection(SolutionProperties) = preSolution
		HideSolutionNode = FALSE
	EndGlobalSection
	GlobalSection(ExtensibilityGlobals) = postSolution
		SolutionGuid = {BF748C39-BDFF-4630-8403-1E339D034607}
	EndGlobalSection
EndGlobal
